
Microsoft Visual Studio Solution File, Format Version 12.00
# Visual Studio 15
VisualStudioVersion = 15.0.28010.2016
MinimumVisualStudioVersion = 10.0.40219.1
Project("{FAE04EC0-301F-11D3-BF4B-00C04F79EFBC}") = "FormAdvanced", "FormAdvanced\FormAdvanced.csproj", "{92ABAD98-1377-47C3-882F-E14AF3BA95DE}"
EndProject
Global
	GlobalSection(SolutionConfigurationPlatforms) = preSolution
		Debug|Any CPU = Debug|Any CPU
		Release|Any CPU = Release|Any CPU
	EndGlobalSection
	GlobalSection(ProjectConfigurationPlatforms) = postSolution
		{92ABAD98-1377-47C3-882F-E14AF3BA95DE}.Debug|Any CPU.ActiveCfg = Debug|Any CPU
		{92ABAD98-1377-47C3-882F-E14AF3BA95DE}.Debug|Any CPU.Build.0 = Debug|Any CPU
		{92ABAD98-1377-47C3-882F-E14AF3BA95DE}.Release|Any CPU.ActiveCfg = Release|Any CPU
		{92ABAD98-1377-47C3-882F-E14AF3BA95DE}.Release|Any CPU.Build.0 = Release|Any CPU
	EndGlobalSection
	GlobalSection(SolutionProperties) = preSolution
		HideSolutionNode = FALSE
	EndGlobalSection
	GlobalSection(ExtensibilityGlobals) = postSolution
		SolutionGuid = {DAD651A1-9C89-457D-B9FA-BCF4BF0F46B6}
	EndGlobalSection
EndGlobal
